
Microsoft Visual Studio Solution File, Format Version 12.00
# Visual Studio Version 16
VisualStudioVersion = 16.0.30406.217
MinimumVisualStudioVersion = 10.0.40219.1
Project("{9A19103F-16F7-4668-BE54-9A1E7A4F7556}") = "MovieCLI", "MovieCLI\MovieCLI.csproj", "{75712F50-EA8A-4CB4-A6AA-B157E5F24AAA}"
EndProject
Project("{FAE04EC0-301F-11D3-BF4B-00C04F79EFBC}") = "MovieLib", "MovieLib\MovieLib.csproj", "{F9B74F42-7DE6-441D-80AE-D1E9850A6F80}"
EndProject
Project("{FAE04EC0-301F-11D3-BF4B-00C04F79EFBC}") = "MovieLibTests", "MovieLibTests\MovieLibTests.csproj", "{CC40AEBC-3F6E-405B-A0B6-6571CD14AEEA}"
EndProject
Global
	GlobalSection(SolutionConfigurationPlatforms) = preSolution
		Debug|Any CPU = Debug|Any CPU
		Release|Any CPU = Release|Any CPU
	EndGlobalSection
	GlobalSection(ProjectConfigurationPlatforms) = postSolution
		{75712F50-EA8A-4CB4-A6AA-B157E5F24AAA}.Debug|Any CPU.ActiveCfg = Debug|Any CPU
		{75712F50-EA8A-4CB4-A6AA-B157E5F24AAA}.Debug|Any CPU.Build.0 = Debug|Any CPU
		{75712F50-EA8A-4CB4-A6AA-B157E5F24AAA}.Release|Any CPU.ActiveCfg = Release|Any CPU
		{75712F50-EA8A-4CB4-A6AA-B157E5F24AAA}.Release|Any CPU.Build.0 = Release|Any CPU
		{F9B74F42-7DE6-441D-80AE-D1E9850A6F80}.Debug|Any CPU.ActiveCfg = Debug|Any CPU
		{F9B74F42-7DE6-441D-80AE-D1E9850A6F80}.Debug|Any CPU.Build.0 = Debug|Any CPU
		{F9B74F42-7DE6-441D-80AE-D1E9850A6F80}.Release|Any CPU.ActiveCfg = Release|Any CPU
		{F9B74F42-7DE6-441D-80AE-D1E9850A6F80}.Release|Any CPU.Build.0 = Release|Any CPU
		{CC40AEBC-3F6E-405B-A0B6-6571CD14AEEA}.Debug|Any CPU.ActiveCfg = Debug|Any CPU
		{CC40AEBC-3F6E-405B-A0B6-6571CD14AEEA}.Debug|Any CPU.Build.0 = Debug|Any CPU
		{CC40AEBC-3F6E-405B-A0B6-6571CD14AEEA}.Release|Any CPU.ActiveCfg = Release|Any CPU
		{CC40AEBC-3F6E-405B-A0B6-6571CD14AEEA}.Release|Any CPU.Build.0 = Release|Any CPU
	EndGlobalSection
	GlobalSection(SolutionProperties) = preSolution
		HideSolutionNode = FALSE
	EndGlobalSection
	GlobalSection(ExtensibilityGlobals) = postSolution
		SolutionGuid = {19E67A99-7278-4416-9806-56134C660AF2}
	EndGlobalSection
EndGlobal
